
Microsoft Visual Studio Solution File, Format Version 12.00
# Visual Studio Version 17
VisualStudioVersion = 17.8.34330.188
MinimumVisualStudioVersion = 10.0.40219.1
Project("{FAE04EC0-301F-11D3-BF4B-00C04F79EFBC}") = "SistemaRecepcionPesos", "SistemaRecepcionPesos.csproj", "{22EEC86B-0777-48AE-9D15-FAC0E124F062}"
EndProject
Project("{54435603-DBB4-11D2-8724-00A0C9A8B90C}") = "SetupSistemaRecepciónPesos", "..\SetupSistemaRecepciónPesos\SetupSistemaRecepciónPesos.vdproj", "{8EDAE220-860A-478E-8BDC-42C3AD284CEE}"
EndProject
Global
	GlobalSection(SolutionConfigurationPlatforms) = preSolution
		Debug|Any CPU = Debug|Any CPU
		Release|Any CPU = Release|Any CPU
	EndGlobalSection
	GlobalSection(ProjectConfigurationPlatforms) = postSolution
		{22EEC86B-0777-48AE-9D15-FAC0E124F062}.Debug|Any CPU.ActiveCfg = Debug|Any CPU
		{22EEC86B-0777-48AE-9D15-FAC0E124F062}.Debug|Any CPU.Build.0 = Debug|Any CPU
		{22EEC86B-0777-48AE-9D15-FAC0E124F062}.Release|Any CPU.ActiveCfg = Release|Any CPU
		{22EEC86B-0777-48AE-9D15-FAC0E124F062}.Release|Any CPU.Build.0 = Release|Any CPU
		{8EDAE220-860A-478E-8BDC-42C3AD284CEE}.Debug|Any CPU.ActiveCfg = Debug
		{8EDAE220-860A-478E-8BDC-42C3AD284CEE}.Release|Any CPU.ActiveCfg = Release
	EndGlobalSection
	GlobalSection(SolutionProperties) = preSolution
		HideSolutionNode = FALSE
	EndGlobalSection
	GlobalSection(ExtensibilityGlobals) = postSolution
		SolutionGuid = {1BBE9A45-3F62-4FC0-A3D1-161AC9052828}
	EndGlobalSection
EndGlobal
